{
  "name": "my-ui",
  "version": "0.0.1",
  "lockfileVersion": 2,
  "requires": true,
  "packages": {
    "": {
      "name": "my-ui",
      "version": "0.0.1",
      "license": "ISC",
      "dependencies": {
        "tslib": "^2.4.0"
      },
      "devDependencies": {
        "@rollup/plugin-commonjs": "^23.0.0",
        "@rollup/plugin-node-resolve": "^15.0.0",
        "@rollup/plugin-typescript": "^9.0.1",
        "@types/react": "^18.0.21",
        "react": "^18.2.0",
        "rollup": "^3.2.3",
        "rollup-plugin-dts": "^5.0.0",
        "typescript": "^4.8.4"
      }
    },
    "node_modules/@babel/code-frame": {
      "version": "7.18.6",
      "resolved": "https://repo.dev.wixpress.com/artifactory/api/npm/npm-repos/@babel/code-frame/-/code-frame-7.18.6.tgz",
      "integrity": "sha1-OyXTjIlgC6otzCGe36iKdOssQno=",
      "dev": true,
      "license": "MIT",
      "optional": true,
      "dependencies": {
        "@babel/highlight": "^7.18.6"
      },
      "engines": {
        "node": ">=6.9.0"
      }
    },
    "node_modules/@babel/helper-validator-identifier": {
      "version": "7.19.1",
      "resolved": "https://repo.dev.wixpress.com/artifactory/api/npm/npm-repos/@babel/helper-validator-identifier/-/helper-validator-identifier-7.19.1.tgz",
      "integrity": "sha1-fuqDTPMpAf/cGn7lVeL5wn4knKI=",
      "dev": true,
      "license": "MIT",
      "optional": true,
      "engines": {
        "node": ">=6.9.0"
      }
    },
    "node_modules/@babel/highlight": {
      "version": "7.18.6",
      "resolved": "https://repo.dev.wixpress.com/artifactory/api/npm/npm-repos/@babel/highlight/-/highlight-7.18.6.tgz",
      "integrity": "sha1-gRWGAek+JWN5Wty/vfXWS+Py7N8=",
      "dev": true,
      "license": "MIT",
      "optional": true,
      "dependencies": {
        "@babel/helper-validator-identifier": "^7.18.6",
        "chalk": "^2.0.0",
        "js-tokens": "^4.0.0"
      },
      "engines": {
        "node": ">=6.9.0"
      }
    },
    "node_modules/@rollup/plugin-commonjs": {
      "version": "23.0.0",
      "resolved": "https://repo.dev.wixpress.com/artifactory/api/npm/npm-repos/@rollup/plugin-commonjs/-/plugin-commonjs-23.0.0.tgz",
      "integrity": "sha1-P2SklAnQaBzXSWpx3WV38H05w7A=",
      "dev": true,
      "license": "MIT",
      "dependencies": {
        "@rollup/pluginutils": "^4.2.1",
        "commondir": "^1.0.1",
        "estree-walker": "^2.0.2",
        "glob": "^8.0.3",
        "is-reference": "1.2.1",
        "magic-string": "^0.26.4"
      },
      "engines": {
        "node": ">=14.0.0"
      },
      "peerDependencies": {
        "rollup": "^2.68.0||^3.0.0"
      },
      "peerDependenciesMeta": {
        "rollup": {
          "optional": true
        }
      }
    },
    "node_modules/@rollup/plugin-node-resolve": {
      "version": "15.0.0",
      "resolved": "https://repo.dev.wixpress.com/artifactory/api/npm/npm-repos/@rollup/plugin-node-resolve/-/plugin-node-resolve-15.0.0.tgz",
      "integrity": "sha1-RN7VizZwLeJ782u/GcpCC70dDCc=",
      "dev": true,
      "license": "MIT",
      "dependencies": {
        "@rollup/pluginutils": "^4.2.1",
        "@types/resolve": "1.20.2",
        "deepmerge": "^4.2.2",
        "is-builtin-module": "^3.2.0",
        "is-module": "^1.0.0",
        "resolve": "^1.22.1"
      },
      "engines": {
        "node": ">=14.0.0"
      },
      "peerDependencies": {
        "rollup": "^2.78.0||^3.0.0"
      },
      "peerDependenciesMeta": {
        "rollup": {
          "optional": true
        }
      }
    },
    "node_modules/@rollup/plugin-typescript": {
      "version": "9.0.1",
      "resolved": "https://repo.dev.wixpress.com/artifactory/api/npm/npm-repos/@rollup/plugin-typescript/-/plugin-typescript-9.0.1.tgz",
      "integrity": "sha1-M1jHi+Nq7KywRcdkM68G9EKFiKI=",
      "dev": true,
      "license": "MIT",
      "dependencies": {
        "@rollup/pluginutils": "^4.2.1",
        "resolve": "^1.22.1"
      },
      "engines": {
        "node": ">=14.0.0"
      },
      "peerDependencies": {
        "rollup": "^2.14.0||^3.0.0",
        "tslib": "*",
        "typescript": ">=3.7.0"
      },
      "peerDependenciesMeta": {
        "rollup": {
          "optional": true
        },
        "tslib": {
          "optional": true
        }
      }
    },
    "node_modules/@rollup/pluginutils": {
      "version": "4.2.1",
      "resolved": "https://repo.dev.wixpress.com/artifactory/api/npm/npm-repos/@rollup/pluginutils/-/pluginutils-4.2.1.tgz",
      "integrity": "sha1-5sbDq6B0Ttzj+yB0ki03dsCvKm0=",
      "dev": true,
      "license": "MIT",
      "dependencies": {
        "estree-walker": "^2.0.1",
        "picomatch": "^2.2.2"
      },
      "engines": {
        "node": ">= 8.0.0"
      }
    },
    "node_modules/@types/estree": {
      "version": "1.0.0",
      "resolved": "https://repo.dev.wixpress.com/artifactory/api/npm/npm-repos/@types/estree/-/estree-1.0.0.tgz",
      "integrity": "sha1-X7LlNsGum/NTZu7Yeegn+lnKQcI=",
      "dev": true,
      "license": "MIT"
    },
    "node_modules/@types/prop-types": {
      "version": "15.7.5",
      "resolved": "https://repo.dev.wixpress.com/artifactory/api/npm/npm-repos/@types/prop-types/-/prop-types-15.7.5.tgz",
      "integrity": "sha1-XxnSuFqY6VWANvajysyIGUIPBc8=",
      "dev": true,
      "license": "MIT"
    },
    "node_modules/@types/react": {
      "version": "18.0.21",
      "resolved": "https://repo.dev.wixpress.com/artifactory/api/npm/npm-repos/@types/react/-/react-18.0.21.tgz",
      "integrity": "sha1-uCCelia7AKNMdvVUgml+3StDzGc=",
      "dev": true,
      "license": "MIT",
      "dependencies": {
        "@types/prop-types": "*",
        "@types/scheduler": "*",
        "csstype": "^3.0.2"
      }
    },
    "node_modules/@types/resolve": {
      "version": "1.20.2",
      "resolved": "https://repo.dev.wixpress.com/artifactory/api/npm/npm-repos/@types/resolve/-/resolve-1.20.2.tgz",
      "integrity": "sha1-l9JuAM1KBCO0r2IKvs8+b0QreXU=",
      "dev": true,
      "license": "MIT"
    },
    "node_modules/@types/scheduler": {
      "version": "0.16.2",
      "resolved": "https://repo.dev.wixpress.com/artifactory/api/npm/npm-repos/@types/scheduler/-/scheduler-0.16.2.tgz",
      "integrity": "sha1-GmL4lSVyPd4kuhsBsJK/XfitTTk=",
      "dev": true,
      "license": "MIT"
    },
    "node_modules/ansi-styles": {
      "version": "3.2.1",
      "resolved": "https://repo.dev.wixpress.com/artifactory/api/npm/npm-repos/ansi-styles/-/ansi-styles-3.2.1.tgz",
      "integrity": "sha1-QfuyAkPlCxK+DwS43tvwdSDOhB0=",
      "dev": true,
      "license": "MIT",
      "optional": true,
      "dependencies": {
        "color-convert": "^1.9.0"
      },
      "engines": {
        "node": ">=4"
      }
    },
    "node_modules/balanced-match": {
      "version": "1.0.2",
      "resolved": "https://repo.dev.wixpress.com/artifactory/api/npm/npm-repos/balanced-match/-/balanced-match-1.0.2.tgz",
      "integrity": "sha1-6D46fj8wCzTLnYf2FfoMvzV2kO4=",
      "dev": true,
      "license": "MIT"
    },
    "node_modules/brace-expansion": {
      "version": "2.0.1",
      "resolved": "https://repo.dev.wixpress.com/artifactory/api/npm/npm-repos/brace-expansion/-/brace-expansion-2.0.1.tgz",
      "integrity": "sha1-HtxFng8MVISG7Pn8mfIiE2S5oK4=",
      "dev": true,
      "license": "MIT",
      "dependencies": {
        "balanced-match": "^1.0.0"
      }
    },
    "node_modules/builtin-modules": {
      "version": "3.3.0",
      "resolved": "https://repo.dev.wixpress.com/artifactory/api/npm/npm-repos/builtin-modules/-/builtin-modules-3.3.0.tgz",
      "integrity": "sha1-yuYoEriYAellYzbkYiPgMDhr57Y=",
      "dev": true,
      "license": "MIT",
      "engines": {
        "node": ">=6"
      },
      "funding": {
        "url": "https://github.com/sponsors/sindresorhus"
      }
    },
    "node_modules/chalk": {
      "version": "2.4.2",
      "resolved": "https://repo.dev.wixpress.com/artifactory/api/npm/npm-repos/chalk/-/chalk-2.4.2.tgz",
      "integrity": "sha1-zUJUFnelQzPPVBpJEIwUMrRMlCQ=",
      "dev": true,
      "license": "MIT",
      "optional": true,
      "dependencies": {
        "ansi-styles": "^3.2.1",
        "escape-string-regexp": "^1.0.5",
        "supports-color": "^5.3.0"
      },
      "engines": {
        "node": ">=4"
      }
    },
    "node_modules/color-convert": {
      "version": "1.9.3",
      "resolved": "https://repo.dev.wixpress.com/artifactory/api/npm/npm-repos/color-convert/-/color-convert-1.9.3.tgz",
      "integrity": "sha1-u3GFBpDh8TZWfeYp0tVHHe2kweg=",
      "dev": true,
      "license": "MIT",
      "optional": true,
      "dependencies": {
        "color-name": "1.1.3"
      }
    },
    "node_modules/color-name": {
      "version": "1.1.3",
      "resolved": "https://repo.dev.wixpress.com/artifactory/api/npm/npm-repos/color-name/-/color-name-1.1.3.tgz",
      "integrity": "sha1-p9BVi9icQveV3UIyj3QIMcpTvCU=",
      "dev": true,
      "license": "MIT",
      "optional": true
    },
    "node_modules/commondir": {
      "version": "1.0.1",
      "resolved": "https://repo.dev.wixpress.com/artifactory/api/npm/npm-repos/commondir/-/commondir-1.0.1.tgz",
      "integrity": "sha1-3dgA2gxmEnOTzKWVDqloo6rxJTs=",
      "dev": true,
      "license": "MIT"
    },
    "node_modules/csstype": {
      "version": "3.1.1",
      "resolved": "https://repo.dev.wixpress.com/artifactory/api/npm/npm-repos/csstype/-/csstype-3.1.1.tgz",
      "integrity": "sha1-hBtTLEXHWO5UahHVvXt7RzyMMLk=",
      "dev": true,
      "license": "MIT"
    },
    "node_modules/deepmerge": {
      "version": "4.2.2",
      "resolved": "https://repo.dev.wixpress.com/artifactory/api/npm/npm-repos/deepmerge/-/deepmerge-4.2.2.tgz",
      "integrity": "sha1-RNLqNnm49NT/ujPwPYZfwee/SVU=",
      "dev": true,
      "license": "MIT",
      "engines": {
        "node": ">=0.10.0"
      }
    },
    "node_modules/escape-string-regexp": {
      "version": "1.0.5",
      "resolved": "https://repo.dev.wixpress.com/artifactory/api/npm/npm-repos/escape-string-regexp/-/escape-string-regexp-1.0.5.tgz",
      "integrity": "sha1-G2HAViGQqN/2rjuyzwIAyhMLhtQ=",
      "dev": true,
      "license": "MIT",
      "optional": true,
      "engines": {
        "node": ">=0.8.0"
      }
    },
    "node_modules/estree-walker": {
      "version": "2.0.2",
      "resolved": "https://repo.dev.wixpress.com/artifactory/api/npm/npm-repos/estree-walker/-/estree-walker-2.0.2.tgz",
      "integrity": "sha1-UvAQF4wqTBF6d1fP6UKtt9LaTKw=",
      "dev": true,
      "license": "MIT"
    },
    "node_modules/fs.realpath": {
      "version": "1.0.0",
      "resolved": "https://repo.dev.wixpress.com/artifactory/api/npm/npm-repos/fs.realpath/-/fs.realpath-1.0.0.tgz",
      "integrity": "sha1-FQStJSMVjKpA20onh8sBQRmU6k8=",
      "dev": true,
      "license": "ISC"
    },
    "node_modules/fsevents": {
      "version": "2.3.2",
      "resolved": "https://repo.dev.wixpress.com/artifactory/api/npm/npm-repos/fsevents/-/fsevents-2.3.2.tgz",
      "integrity": "sha1-ilJveLj99GI7cJ4Ll1xSwkwC/Ro=",
      "dev": true,
      "hasInstallScript": true,
      "license": "MIT",
      "optional": true,
      "os": [
        "darwin"
      ],
      "engines": {
        "node": "^8.16.0 || ^10.6.0 || >=11.0.0"
      }
    },
    "node_modules/function-bind": {
      "version": "1.1.1",
      "resolved": "https://repo.dev.wixpress.com/artifactory/api/npm/npm-repos/function-bind/-/function-bind-1.1.1.tgz",
      "integrity": "sha1-pWiZ0+o8m6uHS7l3O3xe3pL0iV0=",
      "dev": true,
      "license": "MIT"
    },
    "node_modules/glob": {
      "version": "8.0.3",
      "resolved": "https://repo.dev.wixpress.com/artifactory/api/npm/npm-repos/glob/-/glob-8.0.3.tgz",
      "integrity": "sha1-QVxust7tnlAsaPpEonLm2m7spC4=",
      "dev": true,
      "license": "ISC",
      "dependencies": {
        "fs.realpath": "^1.0.0",
        "inflight": "^1.0.4",
        "inherits": "2",
        "minimatch": "^5.0.1",
        "once": "^1.3.0"
      },
      "engines": {
        "node": ">=12"
      },
      "funding": {
        "url": "https://github.com/sponsors/isaacs"
      }
    },
    "node_modules/has": {
      "version": "1.0.3",
      "resolved": "https://repo.dev.wixpress.com/artifactory/api/npm/npm-repos/has/-/has-1.0.3.tgz",
      "integrity": "sha1-ci18v8H2qoJB8W3YFOAR4fQeh5Y=",
      "dev": true,
      "license": "MIT",
      "dependencies": {
        "function-bind": "^1.1.1"
      },
      "engines": {
        "node": ">= 0.4.0"
      }
    },
    "node_modules/has-flag": {
      "version": "3.0.0",
      "resolved": "https://repo.dev.wixpress.com/artifactory/api/npm/npm-repos/has-flag/-/has-flag-3.0.0.tgz",
      "integrity": "sha1-tdRU3CGZriJWmfNGfloH87lVuv0=",
      "dev": true,
      "license": "MIT",
      "optional": true,
      "engines": {
        "node": ">=4"
      }
    },
    "node_modules/inflight": {
      "version": "1.0.6",
      "resolved": "https://repo.dev.wixpress.com/artifactory/api/npm/npm-repos/inflight/-/inflight-1.0.6.tgz",
      "integrity": "sha1-Sb1jMdfQLQwJvJEKEHW6gWW1bfk=",
      "dev": true,
      "license": "ISC",
      "dependencies": {
        "once": "^1.3.0",
        "wrappy": "1"
      }
    },
    "node_modules/inherits": {
      "version": "2.0.4",
      "resolved": "https://repo.dev.wixpress.com/artifactory/api/npm/npm-repos/inherits/-/inherits-2.0.4.tgz",
      "integrity": "sha1-D6LGT5MpF8NDOg3tVTY6rjdBa3w=",
      "dev": true,
      "license": "ISC"
    },
    "node_modules/is-builtin-module": {
      "version": "3.2.0",
      "resolved": "https://repo.dev.wixpress.com/artifactory/api/npm/npm-repos/is-builtin-module/-/is-builtin-module-3.2.0.tgz",
      "integrity": "sha1-uwMQ3+iB8UTKg/MBAM6xDPWINeA=",
      "dev": true,
      "license": "MIT",
      "dependencies": {
        "builtin-modules": "^3.3.0"
      },
      "engines": {
        "node": ">=6"
      },
      "funding": {
        "url": "https://github.com/sponsors/sindresorhus"
      }
    },
    "node_modules/is-core-module": {
      "version": "2.11.0",
      "resolved": "https://repo.dev.wixpress.com/artifactory/api/npm/npm-repos/is-core-module/-/is-core-module-2.11.0.tgz",
      "integrity": "sha1-rUyz44Y+gUUjyW8/WNJsxXD/AUQ=",
      "dev": true,
      "license": "MIT",
      "dependencies": {
        "has": "^1.0.3"
      },
      "funding": {
        "url": "https://github.com/sponsors/ljharb"
      }
    },
    "node_modules/is-module": {
      "version": "1.0.0",
      "resolved": "https://repo.dev.wixpress.com/artifactory/api/npm/npm-repos/is-module/-/is-module-1.0.0.tgz",
      "integrity": "sha1-Mlj7afeMFNW4FdZkM2tM/7ZEFZE=",
      "dev": true,
      "license": "MIT"
    },
    "node_modules/is-reference": {
      "version": "1.2.1",
      "resolved": "https://repo.dev.wixpress.com/artifactory/api/npm/npm-repos/is-reference/-/is-reference-1.2.1.tgz",
      "integrity": "sha1-iy2sCzcfS8mU/eq6nrVC0DAC0Lc=",
      "dev": true,
      "license": "MIT",
      "dependencies": {
        "@types/estree": "*"
      }
    },
    "node_modules/js-tokens": {
      "version": "4.0.0",
      "resolved": "https://repo.dev.wixpress.com/artifactory/api/npm/npm-repos/js-tokens/-/js-tokens-4.0.0.tgz",
      "integrity": "sha1-GSA/tZmR35jjoocFDUZHzerzJJk=",
      "dev": true,
      "license": "MIT"
    },
    "node_modules/loose-envify": {
      "version": "1.4.0",
      "resolved": "https://repo.dev.wixpress.com/artifactory/api/npm/npm-repos/loose-envify/-/loose-envify-1.4.0.tgz",
      "integrity": "sha1-ce5R+nvkyuwaY4OffmgtgTLTDK8=",
      "dev": true,
      "license": "MIT",
      "dependencies": {
        "js-tokens": "^3.0.0 || ^4.0.0"
      },
      "bin": {
        "loose-envify": "cli.js"
      }
    },
    "node_modules/magic-string": {
      "version": "0.26.7",
      "resolved": "https://repo.dev.wixpress.com/artifactory/api/npm/npm-repos/magic-string/-/magic-string-0.26.7.tgz",
      "integrity": "sha1-yvfa9hs06ZgvgijEUnR02siYHW8=",
      "dev": true,
      "license": "MIT",
      "dependencies": {
        "sourcemap-codec": "^1.4.8"
      },
      "engines": {
        "node": ">=12"
      }
    },
    "node_modules/minimatch": {
      "version": "5.1.0",
      "resolved": "https://repo.dev.wixpress.com/artifactory/api/npm/npm-repos/minimatch/-/minimatch-5.1.0.tgz",
      "integrity": "sha1-Fxe0ZPSXGxRPaqvo8tC45FEeCcc=",
      "dev": true,
      "license": "ISC",
      "dependencies": {
        "brace-expansion": "^2.0.1"
      },
      "engines": {
        "node": ">=10"
      }
    },
    "node_modules/once": {
      "version": "1.4.0",
      "resolved": "https://repo.dev.wixpress.com/artifactory/api/npm/npm-repos/once/-/once-1.4.0.tgz",
      "integrity": "sha1-WDsap3WWHUsROsF9nFC6753Xa9E=",
      "dev": true,
      "license": "ISC",
      "dependencies": {
        "wrappy": "1"
      }
    },
    "node_modules/path-parse": {
      "version": "1.0.7",
      "resolved": "https://repo.dev.wixpress.com/artifactory/api/npm/npm-repos/path-parse/-/path-parse-1.0.7.tgz",
      "integrity": "sha1-+8EUtgykKzDZ2vWFjkvWi77bZzU=",
      "dev": true,
      "license": "MIT"
    },
    "node_modules/picomatch": {
      "version": "2.3.1",
      "resolved": "https://repo.dev.wixpress.com/artifactory/api/npm/npm-repos/picomatch/-/picomatch-2.3.1.tgz",
      "integrity": "sha1-O6ODNzNkbZ0+SZWUbBNlpn+wekI=",
      "dev": true,
      "license": "MIT",
      "engines": {
        "node": ">=8.6"
      },
      "funding": {
        "url": "https://github.com/sponsors/jonschlinkert"
      }
    },
    "node_modules/react": {
      "version": "18.2.0",
      "resolved": "https://repo.dev.wixpress.com/artifactory/api/npm/npm-repos/react/-/react-18.2.0.tgz",
      "integrity": "sha1-VVvZhZKIMlX6AN4U8RUakXtdd9U=",
      "dev": true,
      "license": "MIT",
      "dependencies": {
        "loose-envify": "^1.1.0"
      },
      "engines": {
        "node": ">=0.10.0"
      }
    },
    "node_modules/resolve": {
      "version": "1.22.1",
      "resolved": "https://repo.dev.wixpress.com/artifactory/api/npm/npm-repos/resolve/-/resolve-1.22.1.tgz",
      "integrity": "sha1-J8suu1P5GrtJRwqSi7p1WAZqwXc=",
      "dev": true,
      "license": "MIT",
      "dependencies": {
        "is-core-module": "^2.9.0",
        "path-parse": "^1.0.7",
        "supports-preserve-symlinks-flag": "^1.0.0"
      },
      "bin": {
        "resolve": "bin/resolve"
      },
      "funding": {
        "url": "https://github.com/sponsors/ljharb"
      }
    },
    "node_modules/rollup": {
      "version": "3.2.3",
      "resolved": "https://repo.dev.wixpress.com/artifactory/api/npm/npm-repos/rollup/-/rollup-3.2.3.tgz",
      "integrity": "sha1-Z9iUyYGtUMyBF3l0jlLAV0JWDGQ=",
      "dev": true,
      "license": "MIT",
      "bin": {
        "rollup": "dist/bin/rollup"
      },
      "engines": {
        "node": ">=14.18.0",
        "npm": ">=8.0.0"
      },
      "optionalDependencies": {
        "fsevents": "~2.3.2"
      }
    },
    "node_modules/rollup-plugin-dts": {
      "version": "5.0.0",
      "resolved": "https://repo.dev.wixpress.com/artifactory/api/npm/npm-repos/rollup-plugin-dts/-/rollup-plugin-dts-5.0.0.tgz",
      "integrity": "sha1-1kXyIupvfWt9236pjEWg5aOlaew=",
      "dev": true,
      "license": "LGPL-3.0",
      "dependencies": {
        "magic-string": "^0.26.7"
      },
      "engines": {
        "node": ">=v14"
      },
      "funding": {
        "url": "https://github.com/sponsors/Swatinem"
      },
      "optionalDependencies": {
        "@babel/code-frame": "^7.18.6"
      },
      "peerDependencies": {
        "rollup": "^3.0.0",
        "typescript": "^4.1"
      }
    },
    "node_modules/sourcemap-codec": {
      "version": "1.4.8",
      "resolved": "https://repo.dev.wixpress.com/artifactory/api/npm/npm-repos/sourcemap-codec/-/sourcemap-codec-1.4.8.tgz",
      "integrity": "sha1-6oBL2UhXQC5pktBaOO8a41qatMQ=",
      "dev": true,
      "license": "MIT"
    },
    "node_modules/supports-color": {
      "version": "5.5.0",
      "resolved": "https://repo.dev.wixpress.com/artifactory/api/npm/npm-repos/supports-color/-/supports-color-5.5.0.tgz",
      "integrity": "sha1-4uaaRKyHcveKHsCzW2id9lMO/I8=",
      "dev": true,
      "license": "MIT",
      "optional": true,
      "dependencies": {
        "has-flag": "^3.0.0"
      },
      "engines": {
        "node": ">=4"
      }
    },
    "node_modules/supports-preserve-symlinks-flag": {
      "version": "1.0.0",
      "resolved": "https://repo.dev.wixpress.com/artifactory/api/npm/npm-repos/supports-preserve-symlinks-flag/-/supports-preserve-symlinks-flag-1.0.0.tgz",
      "integrity": "sha1-btpL00SjyUrqN21MwxvHcxEDngk=",
      "dev": true,
      "license": "MIT",
      "engines": {
        "node": ">= 0.4"
      },
      "funding": {
        "url": "https://github.com/sponsors/ljharb"
      }
    },
    "node_modules/tslib": {
      "version": "2.4.0",
      "resolved": "https://repo.dev.wixpress.com/artifactory/api/npm/npm-repos/tslib/-/tslib-2.4.0.tgz",
      "integrity": "sha1-fOyqfwc85oCgWEeqd76UEJjzbcM=",
      "license": "0BSD"
    },
    "node_modules/typescript": {
      "version": "4.8.4",
      "resolved": "https://repo.dev.wixpress.com/artifactory/api/npm/npm-repos/typescript/-/typescript-4.8.4.tgz",
      "integrity": "sha1-xGSryhWWaVl75flriUNQCyOOYOY=",
      "dev": true,
      "license": "Apache-2.0",
      "bin": {
        "tsc": "bin/tsc",
        "tsserver": "bin/tsserver"
      },
      "engines": {
        "node": ">=4.2.0"
      }
    },
    "node_modules/wrappy": {
      "version": "1.0.2",
      "resolved": "https://repo.dev.wixpress.com/artifactory/api/npm/npm-repos/wrappy/-/wrappy-1.0.2.tgz",
      "integrity": "sha1-tSQ9jz7BqjXxNkYFvA0QNuMKtp8=",
      "dev": true,
      "license": "ISC"
    }
  },
  "dependencies": {
    "@babel/code-frame": {
      "version": "7.18.6",
      "resolved": "https://repo.dev.wixpress.com/artifactory/api/npm/npm-repos/@babel/code-frame/-/code-frame-7.18.6.tgz",
      "integrity": "sha1-OyXTjIlgC6otzCGe36iKdOssQno=",
      "dev": true,
      "optional": true,
      "requires": {
        "@babel/highlight": "^7.18.6"
      }
    },
    "@babel/helper-validator-identifier": {
      "version": "7.19.1",
      "resolved": "https://repo.dev.wixpress.com/artifactory/api/npm/npm-repos/@babel/helper-validator-identifier/-/helper-validator-identifier-7.19.1.tgz",
      "integrity": "sha1-fuqDTPMpAf/cGn7lVeL5wn4knKI=",
      "dev": true,
      "optional": true
    },
    "@babel/highlight": {
      "version": "7.18.6",
      "resolved": "https://repo.dev.wixpress.com/artifactory/api/npm/npm-repos/@babel/highlight/-/highlight-7.18.6.tgz",
      "integrity": "sha1-gRWGAek+JWN5Wty/vfXWS+Py7N8=",
      "dev": true,
      "optional": true,
      "requires": {
        "@babel/helper-validator-identifier": "^7.18.6",
        "chalk": "^2.0.0",
        "js-tokens": "^4.0.0"
      }
    },
    "@rollup/plugin-commonjs": {
      "version": "23.0.0",
      "resolved": "https://repo.dev.wixpress.com/artifactory/api/npm/npm-repos/@rollup/plugin-commonjs/-/plugin-commonjs-23.0.0.tgz",
      "integrity": "sha1-P2SklAnQaBzXSWpx3WV38H05w7A=",
      "dev": true,
      "requires": {
        "@rollup/pluginutils": "^4.2.1",
        "commondir": "^1.0.1",
        "estree-walker": "^2.0.2",
        "glob": "^8.0.3",
        "is-reference": "1.2.1",
        "magic-string": "^0.26.4"
      }
    },
    "@rollup/plugin-node-resolve": {
      "version": "15.0.0",
      "resolved": "https://repo.dev.wixpress.com/artifactory/api/npm/npm-repos/@rollup/plugin-node-resolve/-/plugin-node-resolve-15.0.0.tgz",
      "integrity": "sha1-RN7VizZwLeJ782u/GcpCC70dDCc=",
      "dev": true,
      "requires": {
        "@rollup/pluginutils": "^4.2.1",
        "@types/resolve": "1.20.2",
        "deepmerge": "^4.2.2",
        "is-builtin-module": "^3.2.0",
        "is-module": "^1.0.0",
        "resolve": "^1.22.1"
      }
    },
    "@rollup/plugin-typescript": {
      "version": "9.0.1",
      "resolved": "https://repo.dev.wixpress.com/artifactory/api/npm/npm-repos/@rollup/plugin-typescript/-/plugin-typescript-9.0.1.tgz",
      "integrity": "sha1-M1jHi+Nq7KywRcdkM68G9EKFiKI=",
      "dev": true,
      "requires": {
        "@rollup/pluginutils": "^4.2.1",
        "resolve": "^1.22.1"
      }
    },
    "@rollup/pluginutils": {
      "version": "4.2.1",
      "resolved": "https://repo.dev.wixpress.com/artifactory/api/npm/npm-repos/@rollup/pluginutils/-/pluginutils-4.2.1.tgz",
      "integrity": "sha1-5sbDq6B0Ttzj+yB0ki03dsCvKm0=",
      "dev": true,
      "requires": {
        "estree-walker": "^2.0.1",
        "picomatch": "^2.2.2"
      }
    },
    "@types/estree": {
      "version": "1.0.0",
      "resolved": "https://repo.dev.wixpress.com/artifactory/api/npm/npm-repos/@types/estree/-/estree-1.0.0.tgz",
      "integrity": "sha1-X7LlNsGum/NTZu7Yeegn+lnKQcI=",
      "dev": true
    },
    "@types/prop-types": {
      "version": "15.7.5",
      "resolved": "https://repo.dev.wixpress.com/artifactory/api/npm/npm-repos/@types/prop-types/-/prop-types-15.7.5.tgz",
      "integrity": "sha1-XxnSuFqY6VWANvajysyIGUIPBc8=",
      "dev": true
    },
    "@types/react": {
      "version": "18.0.21",
      "resolved": "https://repo.dev.wixpress.com/artifactory/api/npm/npm-repos/@types/react/-/react-18.0.21.tgz",
      "integrity": "sha1-uCCelia7AKNMdvVUgml+3StDzGc=",
      "dev": true,
      "requires": {
        "@types/prop-types": "*",
        "@types/scheduler": "*",
        "csstype": "^3.0.2"
      }
    },
    "@types/resolve": {
      "version": "1.20.2",
      "resolved": "https://repo.dev.wixpress.com/artifactory/api/npm/npm-repos/@types/resolve/-/resolve-1.20.2.tgz",
      "integrity": "sha1-l9JuAM1KBCO0r2IKvs8+b0QreXU=",
      "dev": true
    },
    "@types/scheduler": {
      "version": "0.16.2",
      "resolved": "https://repo.dev.wixpress.com/artifactory/api/npm/npm-repos/@types/scheduler/-/scheduler-0.16.2.tgz",
      "integrity": "sha1-GmL4lSVyPd4kuhsBsJK/XfitTTk=",
      "dev": true
    },
    "ansi-styles": {
      "version": "3.2.1",
      "resolved": "https://repo.dev.wixpress.com/artifactory/api/npm/npm-repos/ansi-styles/-/ansi-styles-3.2.1.tgz",
      "integrity": "sha1-QfuyAkPlCxK+DwS43tvwdSDOhB0=",
      "dev": true,
      "optional": true,
      "requires": {
        "color-convert": "^1.9.0"
      }
    },
    "balanced-match": {
      "version": "1.0.2",
      "resolved": "https://repo.dev.wixpress.com/artifactory/api/npm/npm-repos/balanced-match/-/balanced-match-1.0.2.tgz",
      "integrity": "sha1-6D46fj8wCzTLnYf2FfoMvzV2kO4=",
      "dev": true
    },
    "brace-expansion": {
      "version": "2.0.1",
      "resolved": "https://repo.dev.wixpress.com/artifactory/api/npm/npm-repos/brace-expansion/-/brace-expansion-2.0.1.tgz",
      "integrity": "sha1-HtxFng8MVISG7Pn8mfIiE2S5oK4=",
      "dev": true,
      "requires": {
        "balanced-match": "^1.0.0"
      }
    },
    "builtin-modules": {
      "version": "3.3.0",
      "resolved": "https://repo.dev.wixpress.com/artifactory/api/npm/npm-repos/builtin-modules/-/builtin-modules-3.3.0.tgz",
      "integrity": "sha1-yuYoEriYAellYzbkYiPgMDhr57Y=",
      "dev": true
    },
    "chalk": {
      "version": "2.4.2",
      "resolved": "https://repo.dev.wixpress.com/artifactory/api/npm/npm-repos/chalk/-/chalk-2.4.2.tgz",
      "integrity": "sha1-zUJUFnelQzPPVBpJEIwUMrRMlCQ=",
      "dev": true,
      "optional": true,
      "requires": {
        "ansi-styles": "^3.2.1",
        "escape-string-regexp": "^1.0.5",
        "supports-color": "^5.3.0"
      }
    },
    "color-convert": {
      "version": "1.9.3",
      "resolved": "https://repo.dev.wixpress.com/artifactory/api/npm/npm-repos/color-convert/-/color-convert-1.9.3.tgz",
      "integrity": "sha1-u3GFBpDh8TZWfeYp0tVHHe2kweg=",
      "dev": true,
      "optional": true,
      "requires": {
        "color-name": "1.1.3"
      }
    },
    "color-name": {
      "version": "1.1.3",
      "resolved": "https://repo.dev.wixpress.com/artifactory/api/npm/npm-repos/color-name/-/color-name-1.1.3.tgz",
      "integrity": "sha1-p9BVi9icQveV3UIyj3QIMcpTvCU=",
      "dev": true,
      "optional": true
    },
    "commondir": {
      "version": "1.0.1",
      "resolved": "https://repo.dev.wixpress.com/artifactory/api/npm/npm-repos/commondir/-/commondir-1.0.1.tgz",
      "integrity": "sha1-3dgA2gxmEnOTzKWVDqloo6rxJTs=",
      "dev": true
    },
    "csstype": {
      "version": "3.1.1",
      "resolved": "https://repo.dev.wixpress.com/artifactory/api/npm/npm-repos/csstype/-/csstype-3.1.1.tgz",
      "integrity": "sha1-hBtTLEXHWO5UahHVvXt7RzyMMLk=",
      "dev": true
    },
    "deepmerge": {
      "version": "4.2.2",
      "resolved": "https://repo.dev.wixpress.com/artifactory/api/npm/npm-repos/deepmerge/-/deepmerge-4.2.2.tgz",
      "integrity": "sha1-RNLqNnm49NT/ujPwPYZfwee/SVU=",
      "dev": true
    },
    "escape-string-regexp": {
      "version": "1.0.5",
      "resolved": "https://repo.dev.wixpress.com/artifactory/api/npm/npm-repos/escape-string-regexp/-/escape-string-regexp-1.0.5.tgz",
      "integrity": "sha1-G2HAViGQqN/2rjuyzwIAyhMLhtQ=",
      "dev": true,
      "optional": true
    },
    "estree-walker": {
      "version": "2.0.2",
      "resolved": "https://repo.dev.wixpress.com/artifactory/api/npm/npm-repos/estree-walker/-/estree-walker-2.0.2.tgz",
      "integrity": "sha1-UvAQF4wqTBF6d1fP6UKtt9LaTKw=",
      "dev": true
    },
    "fs.realpath": {
      "version": "1.0.0",
      "resolved": "https://repo.dev.wixpress.com/artifactory/api/npm/npm-repos/fs.realpath/-/fs.realpath-1.0.0.tgz",
      "integrity": "sha1-FQStJSMVjKpA20onh8sBQRmU6k8=",
      "dev": true
    },
    "fsevents": {
      "version": "2.3.2",
      "resolved": "https://repo.dev.wixpress.com/artifactory/api/npm/npm-repos/fsevents/-/fsevents-2.3.2.tgz",
      "integrity": "sha1-ilJveLj99GI7cJ4Ll1xSwkwC/Ro=",
      "dev": true,
      "optional": true
    },
    "function-bind": {
      "version": "1.1.1",
      "resolved": "https://repo.dev.wixpress.com/artifactory/api/npm/npm-repos/function-bind/-/function-bind-1.1.1.tgz",
      "integrity": "sha1-pWiZ0+o8m6uHS7l3O3xe3pL0iV0=",
      "dev": true
    },
    "glob": {
      "version": "8.0.3",
      "resolved": "https://repo.dev.wixpress.com/artifactory/api/npm/npm-repos/glob/-/glob-8.0.3.tgz",
      "integrity": "sha1-QVxust7tnlAsaPpEonLm2m7spC4=",
      "dev": true,
      "requires": {
        "fs.realpath": "^1.0.0",
        "inflight": "^1.0.4",
        "inherits": "2",
        "minimatch": "^5.0.1",
        "once": "^1.3.0"
      }
    },
    "has": {
      "version": "1.0.3",
      "resolved": "https://repo.dev.wixpress.com/artifactory/api/npm/npm-repos/has/-/has-1.0.3.tgz",
      "integrity": "sha1-ci18v8H2qoJB8W3YFOAR4fQeh5Y=",
      "dev": true,
      "requires": {
        "function-bind": "^1.1.1"
      }
    },
    "has-flag": {
      "version": "3.0.0",
      "resolved": "https://repo.dev.wixpress.com/artifactory/api/npm/npm-repos/has-flag/-/has-flag-3.0.0.tgz",
      "integrity": "sha1-tdRU3CGZriJWmfNGfloH87lVuv0=",
      "dev": true,
      "optional": true
    },
    "inflight": {
      "version": "1.0.6",
      "resolved": "https://repo.dev.wixpress.com/artifactory/api/npm/npm-repos/inflight/-/inflight-1.0.6.tgz",
      "integrity": "sha1-Sb1jMdfQLQwJvJEKEHW6gWW1bfk=",
      "dev": true,
      "requires": {
        "once": "^1.3.0",
        "wrappy": "1"
      }
    },
    "inherits": {
      "version": "2.0.4",
      "resolved": "https://repo.dev.wixpress.com/artifactory/api/npm/npm-repos/inherits/-/inherits-2.0.4.tgz",
      "integrity": "sha1-D6LGT5MpF8NDOg3tVTY6rjdBa3w=",
      "dev": true
    },
    "is-builtin-module": {
      "version": "3.2.0",
      "resolved": "https://repo.dev.wixpress.com/artifactory/api/npm/npm-repos/is-builtin-module/-/is-builtin-module-3.2.0.tgz",
      "integrity": "sha1-uwMQ3+iB8UTKg/MBAM6xDPWINeA=",
      "dev": true,
      "requires": {
        "builtin-modules": "^3.3.0"
      }
    },
    "is-core-module": {
      "version": "2.11.0",
      "resolved": "https://repo.dev.wixpress.com/artifactory/api/npm/npm-repos/is-core-module/-/is-core-module-2.11.0.tgz",
      "integrity": "sha1-rUyz44Y+gUUjyW8/WNJsxXD/AUQ=",
      "dev": true,
      "requires": {
        "has": "^1.0.3"
      }
    },
    "is-module": {
      "version": "1.0.0",
      "resolved": "https://repo.dev.wixpress.com/artifactory/api/npm/npm-repos/is-module/-/is-module-1.0.0.tgz",
      "integrity": "sha1-Mlj7afeMFNW4FdZkM2tM/7ZEFZE=",
      "dev": true
    },
    "is-reference": {
      "version": "1.2.1",
      "resolved": "https://repo.dev.wixpress.com/artifactory/api/npm/npm-repos/is-reference/-/is-reference-1.2.1.tgz",
      "integrity": "sha1-iy2sCzcfS8mU/eq6nrVC0DAC0Lc=",
      "dev": true,
      "requires": {
        "@types/estree": "*"
      }
    },
    "js-tokens": {
      "version": "4.0.0",
      "resolved": "https://repo.dev.wixpress.com/artifactory/api/npm/npm-repos/js-tokens/-/js-tokens-4.0.0.tgz",
      "integrity": "sha1-GSA/tZmR35jjoocFDUZHzerzJJk=",
      "dev": true
    },
    "loose-envify": {
      "version": "1.4.0",
      "resolved": "https://repo.dev.wixpress.com/artifactory/api/npm/npm-repos/loose-envify/-/loose-envify-1.4.0.tgz",
      "integrity": "sha1-ce5R+nvkyuwaY4OffmgtgTLTDK8=",
      "dev": true,
      "requires": {
        "js-tokens": "^3.0.0 || ^4.0.0"
      }
    },
    "magic-string": {
      "version": "0.26.7",
      "resolved": "https://repo.dev.wixpress.com/artifactory/api/npm/npm-repos/magic-string/-/magic-string-0.26.7.tgz",
      "integrity": "sha1-yvfa9hs06ZgvgijEUnR02siYHW8=",
      "dev": true,
      "requires": {
        "sourcemap-codec": "^1.4.8"
      }
    },
    "minimatch": {
      "version": "5.1.0",
      "resolved": "https://repo.dev.wixpress.com/artifactory/api/npm/npm-repos/minimatch/-/minimatch-5.1.0.tgz",
      "integrity": "sha1-Fxe0ZPSXGxRPaqvo8tC45FEeCcc=",
      "dev": true,
      "requires": {
        "brace-expansion": "^2.0.1"
      }
    },
    "once": {
      "version": "1.4.0",
      "resolved": "https://repo.dev.wixpress.com/artifactory/api/npm/npm-repos/once/-/once-1.4.0.tgz",
      "integrity": "sha1-WDsap3WWHUsROsF9nFC6753Xa9E=",
      "dev": true,
      "requires": {
        "wrappy": "1"
      }
    },
    "path-parse": {
      "version": "1.0.7",
      "resolved": "https://repo.dev.wixpress.com/artifactory/api/npm/npm-repos/path-parse/-/path-parse-1.0.7.tgz",
      "integrity": "sha1-+8EUtgykKzDZ2vWFjkvWi77bZzU=",
      "dev": true
    },
    "picomatch": {
      "version": "2.3.1",
      "resolved": "https://repo.dev.wixpress.com/artifactory/api/npm/npm-repos/picomatch/-/picomatch-2.3.1.tgz",
      "integrity": "sha1-O6ODNzNkbZ0+SZWUbBNlpn+wekI=",
      "dev": true
    },
    "react": {
      "version": "18.2.0",
      "resolved": "https://repo.dev.wixpress.com/artifactory/api/npm/npm-repos/react/-/react-18.2.0.tgz",
      "integrity": "sha1-VVvZhZKIMlX6AN4U8RUakXtdd9U=",
      "dev": true,
      "requires": {
        "loose-envify": "^1.1.0"
      }
    },
    "resolve": {
      "version": "1.22.1",
      "resolved": "https://repo.dev.wixpress.com/artifactory/api/npm/npm-repos/resolve/-/resolve-1.22.1.tgz",
      "integrity": "sha1-J8suu1P5GrtJRwqSi7p1WAZqwXc=",
      "dev": true,
      "requires": {
        "is-core-module": "^2.9.0",
        "path-parse": "^1.0.7",
        "supports-preserve-symlinks-flag": "^1.0.0"
      }
    },
    "rollup": {
      "version": "3.2.3",
      "resolved": "https://repo.dev.wixpress.com/artifactory/api/npm/npm-repos/rollup/-/rollup-3.2.3.tgz",
      "integrity": "sha1-Z9iUyYGtUMyBF3l0jlLAV0JWDGQ=",
      "dev": true,
      "requires": {
        "fsevents": "~2.3.2"
      }
    },
    "rollup-plugin-dts": {
      "version": "5.0.0",
      "resolved": "https://repo.dev.wixpress.com/artifactory/api/npm/npm-repos/rollup-plugin-dts/-/rollup-plugin-dts-5.0.0.tgz",
      "integrity": "sha1-1kXyIupvfWt9236pjEWg5aOlaew=",
      "dev": true,
      "requires": {
        "@babel/code-frame": "^7.18.6",
        "magic-string": "^0.26.7"
      }
    },
    "sourcemap-codec": {
      "version": "1.4.8",
      "resolved": "https://repo.dev.wixpress.com/artifactory/api/npm/npm-repos/sourcemap-codec/-/sourcemap-codec-1.4.8.tgz",
      "integrity": "sha1-6oBL2UhXQC5pktBaOO8a41qatMQ=",
      "dev": true
    },
    "supports-color": {
      "version": "5.5.0",
      "resolved": "https://repo.dev.wixpress.com/artifactory/api/npm/npm-repos/supports-color/-/supports-color-5.5.0.tgz",
      "integrity": "sha1-4uaaRKyHcveKHsCzW2id9lMO/I8=",
      "dev": true,
      "optional": true,
      "requires": {
        "has-flag": "^3.0.0"
      }
    },
    "supports-preserve-symlinks-flag": {
      "version": "1.0.0",
      "resolved": "https://repo.dev.wixpress.com/artifactory/api/npm/npm-repos/supports-preserve-symlinks-flag/-/supports-preserve-symlinks-flag-1.0.0.tgz",
      "integrity": "sha1-btpL00SjyUrqN21MwxvHcxEDngk=",
      "dev": true
    },
    "tslib": {
      "version": "2.4.0",
      "resolved": "https://repo.dev.wixpress.com/artifactory/api/npm/npm-repos/tslib/-/tslib-2.4.0.tgz",
      "integrity": "sha1-fOyqfwc85oCgWEeqd76UEJjzbcM="
    },
    "typescript": {
      "version": "4.8.4",
      "resolved": "https://repo.dev.wixpress.com/artifactory/api/npm/npm-repos/typescript/-/typescript-4.8.4.tgz",
      "integrity": "sha1-xGSryhWWaVl75flriUNQCyOOYOY=",
      "dev": true
    },
    "wrappy": {
      "version": "1.0.2",
      "resolved": "https://repo.dev.wixpress.com/artifactory/api/npm/npm-repos/wrappy/-/wrappy-1.0.2.tgz",
      "integrity": "sha1-tSQ9jz7BqjXxNkYFvA0QNuMKtp8=",
      "dev": true
    }
  }
}
